
Microsoft Visual Studio Solution File, Format Version 12.00
# Visual Studio Version 17
VisualStudioVersion = 17.0.32112.339
MinimumVisualStudioVersion = 10.0.40219.1
Project("{FAE04EC0-301F-11D3-BF4B-00C04F79EFBC}") = "TrainingConstructor.Android", "TrainingConstructor\TrainingConstructor.Android\TrainingConstructor.Android.csproj", "{2452B183-E08F-4E75-B480-7F17AF3E7359}"
EndProject
Project("{FAE04EC0-301F-11D3-BF4B-00C04F79EFBC}") = "TrainingConstructor", "TrainingConstructor\TrainingConstructor\TrainingConstructor.csproj", "{C4C968ED-26DE-4B63-8561-40DD00CB2E92}"
EndProject
Global
	GlobalSection(SolutionConfigurationPlatforms) = preSolution
		Debug|Any CPU = Debug|Any CPU
		Release|Any CPU = Release|Any CPU
	EndGlobalSection
	GlobalSection(ProjectConfigurationPlatforms) = postSolution
		{2452B183-E08F-4E75-B480-7F17AF3E7359}.Debug|Any CPU.ActiveCfg = Debug|Any CPU
		{2452B183-E08F-4E75-B480-7F17AF3E7359}.Debug|Any CPU.Build.0 = Debug|Any CPU
		{2452B183-E08F-4E75-B480-7F17AF3E7359}.Debug|Any CPU.Deploy.0 = Debug|Any CPU
		{2452B183-E08F-4E75-B480-7F17AF3E7359}.Release|Any CPU.ActiveCfg = Release|Any CPU
		{2452B183-E08F-4E75-B480-7F17AF3E7359}.Release|Any CPU.Build.0 = Release|Any CPU
		{2452B183-E08F-4E75-B480-7F17AF3E7359}.Release|Any CPU.Deploy.0 = Release|Any CPU
		{C4C968ED-26DE-4B63-8561-40DD00CB2E92}.Debug|Any CPU.ActiveCfg = Debug|Any CPU
		{C4C968ED-26DE-4B63-8561-40DD00CB2E92}.Debug|Any CPU.Build.0 = Debug|Any CPU
		{C4C968ED-26DE-4B63-8561-40DD00CB2E92}.Debug|Any CPU.Deploy.0 = Debug|Any CPU
		{C4C968ED-26DE-4B63-8561-40DD00CB2E92}.Release|Any CPU.ActiveCfg = Release|Any CPU
		{C4C968ED-26DE-4B63-8561-40DD00CB2E92}.Release|Any CPU.Build.0 = Release|Any CPU
		{C4C968ED-26DE-4B63-8561-40DD00CB2E92}.Release|Any CPU.Deploy.0 = Release|Any CPU
	EndGlobalSection
	GlobalSection(SolutionProperties) = preSolution
		HideSolutionNode = FALSE
	EndGlobalSection
	GlobalSection(ExtensibilityGlobals) = postSolution
		SolutionGuid = {594D0661-6963-4187-BC9D-DCBC842E65E9}
	EndGlobalSection
EndGlobal
